{
  "name": "elm-mdc",
  "version": "1.0.0",
  "lockfileVersion": 1,
  "requires": true,
  "dependencies": {
    "@material/animation": {
      "version": "0.25.0",
      "resolved": "https://registry.npmjs.org/@material/animation/-/animation-0.25.0.tgz",
      "integrity": "sha1-slKsPQtijnmnnwxAbXRw+1Y1KoA=",
      "dev": true
    },
    "@material/auto-init": {
      "version": "0.30.0",
      "resolved": "https://registry.npmjs.org/@material/auto-init/-/auto-init-0.30.0.tgz",
      "integrity": "sha1-Z+/t2dXEJIYBMHKhkJCbEc4kKn4=",
      "dev": true
    },
    "@material/base": {
      "version": "0.29.0",
      "resolved": "https://registry.npmjs.org/@material/base/-/base-0.29.0.tgz",
      "integrity": "sha1-X6yUxFkH44yWkTDpWXIiiNTOBrI=",
      "dev": true
    },
    "@material/button": {
      "version": "0.30.0",
      "resolved": "https://registry.npmjs.org/@material/button/-/button-0.30.0.tgz",
      "integrity": "sha1-2phRlVmkIRBq6FMU9DiVQtI8In0=",
      "dev": true,
      "requires": {
        "@material/elevation": "0.28.0",
        "@material/ripple": "0.30.0",
        "@material/theme": "0.30.0",
        "@material/typography": "0.28.0"
      }
    },
    "@material/card": {
      "version": "0.30.0",
      "resolved": "https://registry.npmjs.org/@material/card/-/card-0.30.0.tgz",
      "integrity": "sha1-DxS4vbMi+mNkYkSATE1vyuRAbXY=",
      "dev": true,
      "requires": {
        "@material/elevation": "0.28.0",
        "@material/rtl": "0.30.0",
        "@material/theme": "0.30.0",
        "@material/typography": "0.28.0"
      }
    },
    "@material/checkbox": {
      "version": "0.30.0",
      "resolved": "https://registry.npmjs.org/@material/checkbox/-/checkbox-0.30.0.tgz",
      "integrity": "sha1-Yjt6ZiFasAKWQLOQV1TYwH6jdV8=",
      "dev": true,
      "requires": {
        "@material/animation": "0.25.0",
        "@material/base": "0.29.0",
        "@material/ripple": "0.30.0",
        "@material/rtl": "0.30.0",
        "@material/selection-control": "0.30.0",
        "@material/theme": "0.30.0"
      }
    },
    "@material/chips": {
      "version": "0.30.0",
      "resolved": "https://registry.npmjs.org/@material/chips/-/chips-0.30.0.tgz",
      "integrity": "sha1-6ZuHkcyMA6KbTF21ZBl2/+vnVWM=",
      "dev": true,
      "requires": {
        "@material/base": "0.29.0",
        "@material/ripple": "0.30.0"
      }
    },
    "@material/dialog": {
      "version": "0.30.0",
      "resolved": "https://registry.npmjs.org/@material/dialog/-/dialog-0.30.0.tgz",
      "integrity": "sha1-BXFsw/M48oXhESqHvdBn0Hc2Hg4=",
      "dev": true,
      "requires": {
        "@material/animation": "0.25.0",
        "@material/base": "0.29.0",
        "@material/elevation": "0.28.0",
        "@material/ripple": "0.30.0",
        "@material/rtl": "0.30.0",
        "@material/theme": "0.30.0",
        "@material/typography": "0.1.1",
        "focus-trap": "2.4.3"
      },
      "dependencies": {
        "@material/typography": {
          "version": "0.1.1",
          "resolved": "https://registry.npmjs.org/@material/typography/-/typography-0.1.1.tgz",
          "integrity": "sha1-+y40N70yhNOen7kUhXZ63msr0ME=",
          "dev": true
        }
      }
    },
    "@material/drawer": {
      "version": "0.30.0",
      "resolved": "https://registry.npmjs.org/@material/drawer/-/drawer-0.30.0.tgz",
      "integrity": "sha1-YaTMnCbiWtJYk2Rs/qyy+KZAAb0=",
      "dev": true,
      "requires": {
        "@material/animation": "0.25.0",
        "@material/base": "0.29.0",
        "@material/elevation": "0.28.0",
        "@material/rtl": "0.30.0",
        "@material/theme": "0.30.0",
        "@material/typography": "0.28.0"
      }
    },
    "@material/elevation": {
      "version": "0.28.0",
      "resolved": "https://registry.npmjs.org/@material/elevation/-/elevation-0.28.0.tgz",
      "integrity": "sha1-eNOlUbeBANWIxFdgBzPuHG/QRQE=",
      "dev": true,
      "requires": {
        "@material/animation": "0.25.0",
        "@material/theme": "0.4.0"
      },
      "dependencies": {
        "@material/theme": {
          "version": "0.4.0",
          "resolved": "https://registry.npmjs.org/@material/theme/-/theme-0.4.0.tgz",
          "integrity": "sha1-Cu8aAnm2XBWZBYT7i47KCVxzRkE=",
          "dev": true
        }
      }
    },
    "@material/fab": {
      "version": "0.30.0",
      "resolved": "https://registry.npmjs.org/@material/fab/-/fab-0.30.0.tgz",
      "integrity": "sha1-PZ5T4L8SIeeGsmvJbFdmcnMx3Mo=",
      "dev": true,
      "requires": {
        "@material/animation": "0.25.0",
        "@material/elevation": "0.28.0",
        "@material/ripple": "0.30.0",
        "@material/theme": "0.30.0"
      }
    },
    "@material/form-field": {
      "version": "0.30.0",
      "resolved": "https://registry.npmjs.org/@material/form-field/-/form-field-0.30.0.tgz",
      "integrity": "sha1-Fbt1nnECNGczfyQ70wi7b159sSI=",
      "dev": true,
      "requires": {
        "@material/base": "0.29.0",
        "@material/rtl": "0.30.0",
        "@material/selection-control": "0.30.0",
        "@material/theme": "0.30.0",
        "@material/typography": "0.28.0"
      }
    },
    "@material/grid-list": {
      "version": "0.30.0",
      "resolved": "https://registry.npmjs.org/@material/grid-list/-/grid-list-0.30.0.tgz",
      "integrity": "sha1-LN8ek1WWe72zV9ujdDVqCdFm1uM=",
      "dev": true,
      "requires": {
        "@material/base": "0.29.0",
        "@material/rtl": "0.30.0",
        "@material/theme": "0.30.0",
        "@material/typography": "0.28.0"
      }
    },
    "@material/icon-toggle": {
      "version": "0.30.0",
      "resolved": "https://registry.npmjs.org/@material/icon-toggle/-/icon-toggle-0.30.0.tgz",
      "integrity": "sha1-iWC5s730yQG+eU9er2pr2dcGntk=",
      "dev": true,
      "requires": {
        "@material/animation": "0.25.0",
        "@material/base": "0.29.0",
        "@material/ripple": "0.30.0",
        "@material/theme": "0.30.0"
      }
    },
    "@material/layout-grid": {
      "version": "0.24.0",
      "resolved": "https://registry.npmjs.org/@material/layout-grid/-/layout-grid-0.24.0.tgz",
      "integrity": "sha1-Ij13HXVdiHgHmY2W9ZluGCzrZA0=",
      "dev": true
    },
    "@material/line-ripple": {
      "version": "0.30.0",
      "resolved": "https://registry.npmjs.org/@material/line-ripple/-/line-ripple-0.30.0.tgz",
      "integrity": "sha1-JvRTzgeuZ34jYlV46tfair0bsCw=",
      "dev": true,
      "requires": {
        "@material/animation": "0.25.0",
        "@material/base": "0.29.0",
        "@material/theme": "0.30.0"
      }
    },
    "@material/linear-progress": {
      "version": "0.30.0",
      "resolved": "https://registry.npmjs.org/@material/linear-progress/-/linear-progress-0.30.0.tgz",
      "integrity": "sha1-BYTDKdKprdCIHldG4XdPDY+pZ1M=",
      "dev": true,
      "requires": {
        "@material/animation": "0.25.0",
        "@material/base": "0.29.0",
        "@material/theme": "0.30.0"
      }
    },
    "@material/list": {
      "version": "0.30.0",
      "resolved": "https://registry.npmjs.org/@material/list/-/list-0.30.0.tgz",
      "integrity": "sha1-wE/9rX2ZE8yRU9OeMpMbAkR2w68=",
      "dev": true,
      "requires": {
        "@material/ripple": "0.30.0",
        "@material/rtl": "0.30.0",
        "@material/theme": "0.30.0",
        "@material/typography": "0.28.0"
      }
    },
    "@material/menu": {
      "version": "0.30.0",
      "resolved": "https://registry.npmjs.org/@material/menu/-/menu-0.30.0.tgz",
      "integrity": "sha1-ZRDDhGGLHGd6IfGSsjNuDBH8BUc=",
      "dev": true,
      "requires": {
        "@material/animation": "0.25.0",
        "@material/base": "0.29.0",
        "@material/elevation": "0.28.0",
        "@material/theme": "0.30.0",
        "@material/typography": "0.28.0"
      }
    },
    "@material/radio": {
      "version": "0.30.0",
      "resolved": "https://registry.npmjs.org/@material/radio/-/radio-0.30.0.tgz",
      "integrity": "sha1-O7hLpwFnOKXQ1WfHBRTeuIfs5cI=",
      "dev": true,
      "requires": {
        "@material/animation": "0.25.0",
        "@material/base": "0.29.0",
        "@material/ripple": "0.30.0",
        "@material/selection-control": "0.30.0",
        "@material/theme": "0.30.0"
      }
    },
    "@material/ripple": {
      "version": "0.30.0",
      "resolved": "https://registry.npmjs.org/@material/ripple/-/ripple-0.30.0.tgz",
      "integrity": "sha1-mbMIAcV4S2vMH/cC5Nza5JrOgT4=",
      "dev": true,
      "requires": {
        "@material/base": "0.29.0",
        "@material/theme": "0.30.0"
      }
    },
    "@material/rtl": {
      "version": "0.30.0",
      "resolved": "https://registry.npmjs.org/@material/rtl/-/rtl-0.30.0.tgz",
      "integrity": "sha1-D72gvA6Ke6psKUE/w/n47dpgJQI=",
      "dev": true
    },
    "@material/select": {
      "version": "0.30.0",
      "resolved": "https://registry.npmjs.org/@material/select/-/select-0.30.0.tgz",
      "integrity": "sha1-f9oDrMLF4nDE5GB4x3x06aD9ejw=",
      "dev": true,
      "requires": {
        "@material/animation": "0.25.0",
        "@material/base": "0.29.0",
        "@material/list": "0.30.0",
        "@material/menu": "0.30.0",
        "@material/ripple": "0.30.0",
        "@material/rtl": "0.30.0",
        "@material/theme": "0.30.0",
        "@material/typography": "0.28.0"
      }
    },
    "@material/selection-control": {
      "version": "0.30.0",
      "resolved": "https://registry.npmjs.org/@material/selection-control/-/selection-control-0.30.0.tgz",
      "integrity": "sha1-gPIjDOmo6ozZp/GoU+gXnKCnLeE=",
      "dev": true,
      "requires": {
        "@material/ripple": "0.30.0"
      }
    },
    "@material/slider": {
      "version": "0.30.0",
      "resolved": "https://registry.npmjs.org/@material/slider/-/slider-0.30.0.tgz",
      "integrity": "sha1-yvIYoBpFTECF9sroyHLcSd9/yQo=",
      "dev": true,
      "requires": {
        "@material/animation": "0.25.0",
        "@material/base": "0.29.0",
        "@material/rtl": "0.30.0",
        "@material/theme": "0.30.0"
      }
    },
    "@material/snackbar": {
      "version": "0.30.0",
      "resolved": "https://registry.npmjs.org/@material/snackbar/-/snackbar-0.30.0.tgz",
      "integrity": "sha1-zfEugae/OOCmjnMVH51JqzWXs1M=",
      "dev": true,
      "requires": {
        "@material/animation": "0.25.0",
        "@material/base": "0.29.0",
        "@material/rtl": "0.30.0",
        "@material/theme": "0.30.0",
        "@material/typography": "0.28.0"
      }
    },
    "@material/switch": {
      "version": "0.30.0",
      "resolved": "https://registry.npmjs.org/@material/switch/-/switch-0.30.0.tgz",
      "integrity": "sha1-Ky8w5Xd8Sjk/GjUcEGLvJWdGAtk=",
      "dev": true,
      "requires": {
        "@material/animation": "0.25.0",
        "@material/elevation": "0.28.0",
        "@material/theme": "0.30.0"
      }
    },
    "@material/tabs": {
      "version": "0.30.0",
      "resolved": "https://registry.npmjs.org/@material/tabs/-/tabs-0.30.0.tgz",
      "integrity": "sha1-Q7Jxvejj0v55mktTE8z+gLwQnGA=",
      "dev": true,
      "requires": {
        "@material/animation": "0.25.0",
        "@material/base": "0.29.0",
        "@material/ripple": "0.30.0",
        "@material/rtl": "0.30.0",
        "@material/theme": "0.30.0",
        "@material/typography": "0.28.0"
      }
    },
    "@material/textfield": {
      "version": "0.30.0",
      "resolved": "https://registry.npmjs.org/@material/textfield/-/textfield-0.30.0.tgz",
      "integrity": "sha1-IgJWkFre5PrBKHJX6jszz1csiKg=",
      "dev": true,
      "requires": {
        "@material/animation": "0.25.0",
        "@material/base": "0.29.0",
        "@material/line-ripple": "0.30.0",
        "@material/ripple": "0.30.0",
        "@material/rtl": "0.30.0",
        "@material/theme": "0.30.0",
        "@material/typography": "0.28.0"
      }
    },
    "@material/theme": {
      "version": "0.30.0",
      "resolved": "https://registry.npmjs.org/@material/theme/-/theme-0.30.0.tgz",
      "integrity": "sha1-UD1/1ayI/3B2O7J3I27nGImC5dI=",
      "dev": true
    },
    "@material/toolbar": {
      "version": "0.30.0",
      "resolved": "https://registry.npmjs.org/@material/toolbar/-/toolbar-0.30.0.tgz",
      "integrity": "sha1-WcP8Gfz1z3ow7LfwxwXC/qLfiT0=",
      "dev": true,
      "requires": {
        "@material/base": "0.29.0",
        "@material/elevation": "0.28.0",
        "@material/rtl": "0.30.0",
        "@material/theme": "0.30.0",
        "@material/typography": "0.28.0"
      }
    },
    "@material/typography": {
      "version": "0.28.0",
      "resolved": "https://registry.npmjs.org/@material/typography/-/typography-0.28.0.tgz",
      "integrity": "sha1-SulqhS/NMk1htkmtyZUybEMfyuo=",
      "dev": true
    },
    "babel": {
      "version": "6.23.0",
      "resolved": "https://registry.npmjs.org/babel/-/babel-6.23.0.tgz",
      "integrity": "sha1-0NHn2APpdHZb7qMjLU4VPA77kPQ=",
      "dev": true
    },
    "custom-event": {
      "version": "1.0.1",
      "resolved": "https://registry.npmjs.org/custom-event/-/custom-event-1.0.1.tgz",
      "integrity": "sha1-XQKkaFCt8bSjF5RqOSj8y1v9BCU=",
      "dev": true
    },
    "focus-trap": {
      "version": "2.4.3",
      "resolved": "https://registry.npmjs.org/focus-trap/-/focus-trap-2.4.3.tgz",
      "integrity": "sha512-sT5Ip9nyAIxWq8Apt1Fdv6yTci5GotaOtO5Ro1/+F3PizttNBcCYz8j/Qze54PPFK73KUbOqh++HUCiyNPqvhA==",
      "requires": {
        "tabbable": "1.1.2"
      }
    },
    "material-components-web": {
      "version": "0.30.0",
      "resolved": "https://registry.npmjs.org/material-components-web/-/material-components-web-0.30.0.tgz",
      "integrity": "sha1-oR+HglzkqjFYVMEodpq5vBRdV5Y=",
      "dev": true,
      "requires": {
        "@material/animation": "0.25.0",
        "@material/auto-init": "0.30.0",
        "@material/base": "0.29.0",
        "@material/button": "0.30.0",
        "@material/card": "0.30.0",
        "@material/checkbox": "0.30.0",
        "@material/chips": "0.30.0",
        "@material/dialog": "0.30.0",
        "@material/drawer": "0.30.0",
        "@material/elevation": "0.28.0",
        "@material/fab": "0.30.0",
        "@material/form-field": "0.30.0",
        "@material/grid-list": "0.30.0",
        "@material/icon-toggle": "0.30.0",
        "@material/layout-grid": "0.24.0",
        "@material/line-ripple": "0.30.0",
        "@material/linear-progress": "0.30.0",
        "@material/list": "0.30.0",
        "@material/menu": "0.30.0",
        "@material/radio": "0.30.0",
        "@material/ripple": "0.30.0",
        "@material/rtl": "0.30.0",
        "@material/select": "0.30.0",
        "@material/selection-control": "0.30.0",
        "@material/slider": "0.30.0",
        "@material/snackbar": "0.30.0",
        "@material/switch": "0.30.0",
        "@material/tabs": "0.30.0",
        "@material/textfield": "0.30.0",
        "@material/theme": "0.30.0",
        "@material/toolbar": "0.30.0",
        "@material/typography": "0.28.0"
      }
    },
    "tabbable": {
      "version": "1.1.2",
      "resolved": "https://registry.npmjs.org/tabbable/-/tabbable-1.1.2.tgz",
      "integrity": "sha512-77oqsKEPrxIwgRcXUwipkj9W5ItO97L6eUT1Ar7vh+El16Zm4M6V+YU1cbipHEa6q0Yjw8O3Hoh8oRgatV5s7A=="
    }
  }
}
