{
  "name": "elm-mdc",
  "version": "1.0.0",
  "lockfileVersion": 1,
  "requires": true,
  "dependencies": {
    "@material/animation": {
      "version": "0.25.0",
      "resolved": "https://registry.npmjs.org/@material/animation/-/animation-0.25.0.tgz",
      "integrity": "sha512-4RzlpMwJtMnQ3/rNf4zpG9qnoQcCkYiRs6U515MRQzv7qFl1eCZx3U3dGaUu7UVf3Hwx4RskUB/fBxGc0b61CQ==",
      "dev": true
    },
    "@material/auto-init": {
      "version": "0.30.0",
      "resolved": "https://registry.npmjs.org/@material/auto-init/-/auto-init-0.30.0.tgz",
      "integrity": "sha512-xHlSkVHIyaTORGJxO/qZ4q95DJKv6aELrCDemfVl3vSd/PHCu3njc3FRY1n/0Pnfdj/otF1DRNhSHaWSainR1g==",
      "dev": true
    },
    "@material/base": {
      "version": "0.29.0",
      "resolved": "https://registry.npmjs.org/@material/base/-/base-0.29.0.tgz",
      "integrity": "sha512-5jgaxI0x18JWb7orFPNm+on3Oe1o0RUgrh/xSpuJ4U4rEwMmC94rOMdacllaenmUuLq1DRPE7UeGOzfWfZf3bQ==",
      "dev": true
    },
    "@material/button": {
      "version": "0.30.0",
      "resolved": "https://registry.npmjs.org/@material/button/-/button-0.30.0.tgz",
      "integrity": "sha512-BE+2m1/bwAKyqSW8T2fZznKS9bjKssCbQZWu6rUBzMLeDS8E3CUzfDrA1swSwCG6uUpE+oU3xTuqG+TVl++NtA==",
      "dev": true,
      "requires": {
        "@material/elevation": "0.28.0",
        "@material/ripple": "0.30.0",
        "@material/theme": "0.30.0",
        "@material/typography": "0.28.0"
      }
    },
    "@material/card": {
      "version": "0.30.0",
      "resolved": "https://registry.npmjs.org/@material/card/-/card-0.30.0.tgz",
      "integrity": "sha512-y3pr7X7MzzPjJKy3IHfsW2ZruIfue25nx7RNImcRM/FbTLQsRz9BLOpGCFZhxsg8p4AAExtsZw1OyZMm6KpTlg==",
      "dev": true,
      "requires": {
        "@material/elevation": "0.28.0",
        "@material/rtl": "0.30.0",
        "@material/theme": "0.30.0",
        "@material/typography": "0.28.0"
      }
    },
    "@material/checkbox": {
      "version": "0.30.0",
      "resolved": "https://registry.npmjs.org/@material/checkbox/-/checkbox-0.30.0.tgz",
      "integrity": "sha512-vlLoZRIsWokg0moD3VA2W9HJ2EO+/ndzknWRJVkhoF5LV3y2GLqOhshDlLNKdEGIOT9TvrYXee0lKe02c/U6+Q==",
      "dev": true,
      "requires": {
        "@material/animation": "0.25.0",
        "@material/base": "0.29.0",
        "@material/ripple": "0.30.0",
        "@material/rtl": "0.30.0",
        "@material/selection-control": "0.30.0",
        "@material/theme": "0.30.0"
      }
    },
    "@material/chips": {
      "version": "0.30.0",
      "resolved": "https://registry.npmjs.org/@material/chips/-/chips-0.30.0.tgz",
      "integrity": "sha512-65gZ3Dphl1GchfX+5V0NWm8gkQoIKSNQFxcQ5QBrDT07c7BBGWejBOztpIi9TGOVHQkZXFy/IDVaIe6wNeip8A==",
      "dev": true,
      "requires": {
        "@material/base": "0.29.0",
        "@material/ripple": "0.30.0"
      }
    },
    "@material/dialog": {
      "version": "0.30.0",
      "resolved": "https://registry.npmjs.org/@material/dialog/-/dialog-0.30.0.tgz",
      "integrity": "sha512-LGSfEyXdHBYmAcILipjU7NcVW8pSeezY9Ol5nbFMnLa7ZMZQw2ujzE40grvvGCPXKesaVdpiMcFCee9fEDwnaA==",
      "dev": true,
      "requires": {
        "@material/animation": "0.25.0",
        "@material/base": "0.29.0",
        "@material/elevation": "0.28.0",
        "@material/ripple": "0.30.0",
        "@material/rtl": "0.30.0",
        "@material/theme": "0.30.0",
        "@material/typography": "0.1.1",
        "focus-trap": "2.4.3"
      },
      "dependencies": {
        "@material/typography": {
          "version": "0.1.1",
          "resolved": "https://registry.npmjs.org/@material/typography/-/typography-0.1.1.tgz",
          "integrity": "sha1-+y40N70yhNOen7kUhXZ63msr0ME=",
          "dev": true
        }
      }
    },
    "@material/drawer": {
      "version": "0.30.0",
      "resolved": "https://registry.npmjs.org/@material/drawer/-/drawer-0.30.0.tgz",
      "integrity": "sha512-NZyp6jVd6cDucBPUl391cTuIkR5Vy5OdrdNQxvH+pTjvb7R2yQJKVv2a7PxuR1uKjGM1vRudFOdXpviwbplr9A==",
      "dev": true,
      "requires": {
        "@material/animation": "0.25.0",
        "@material/base": "0.29.0",
        "@material/elevation": "0.28.0",
        "@material/rtl": "0.30.0",
        "@material/theme": "0.30.0",
        "@material/typography": "0.28.0"
      }
    },
    "@material/elevation": {
      "version": "0.28.0",
      "resolved": "https://registry.npmjs.org/@material/elevation/-/elevation-0.28.0.tgz",
      "integrity": "sha512-U2utCuMDDhrJ8Cyisz16GAejN9h9xyS4jvVkt2uIOUyPZRjnaJyoAbpyf0mOzFxIdBuRpNGJYm2PoAwHsSA+xw==",
      "dev": true,
      "requires": {
        "@material/animation": "0.25.0",
        "@material/theme": "0.4.0"
      },
      "dependencies": {
        "@material/theme": {
          "version": "0.4.0",
          "resolved": "https://registry.npmjs.org/@material/theme/-/theme-0.4.0.tgz",
          "integrity": "sha1-Cu8aAnm2XBWZBYT7i47KCVxzRkE=",
          "dev": true
        }
      }
    },
    "@material/fab": {
      "version": "0.30.0",
      "resolved": "https://registry.npmjs.org/@material/fab/-/fab-0.30.0.tgz",
      "integrity": "sha512-D8UTHXiVfus0Zs5+Nt7m4MloAg1T9lI0dNmFkpXIqa8OFj0qhAHkcwnOdNawq9P25+NBpUOpDoTKIV4AB700zg==",
      "dev": true,
      "requires": {
        "@material/animation": "0.25.0",
        "@material/elevation": "0.28.0",
        "@material/ripple": "0.30.0",
        "@material/theme": "0.30.0"
      }
    },
    "@material/form-field": {
      "version": "0.30.0",
      "resolved": "https://registry.npmjs.org/@material/form-field/-/form-field-0.30.0.tgz",
      "integrity": "sha512-v2gdWRFpbEd2URg6dPvH2Yx3HwmZL4v/brBTXq/QpCQgit+8QgprAb5Pz2bp2OFJyp4iFFlywdNXJqcfH/ABoQ==",
      "dev": true,
      "requires": {
        "@material/base": "0.29.0",
        "@material/rtl": "0.30.0",
        "@material/selection-control": "0.30.0",
        "@material/theme": "0.30.0",
        "@material/typography": "0.28.0"
      }
    },
    "@material/grid-list": {
      "version": "0.30.0",
      "resolved": "https://registry.npmjs.org/@material/grid-list/-/grid-list-0.30.0.tgz",
      "integrity": "sha512-RjL5npvXRWqYE1ro83JjzF2JTimIqVrshCcjSCkiFcDY0AKyEBfihvtHA2JhngLgCgKBBcSHDzNL8sqGMT8AJg==",
      "dev": true,
      "requires": {
        "@material/base": "0.29.0",
        "@material/rtl": "0.30.0",
        "@material/theme": "0.30.0",
        "@material/typography": "0.28.0"
      }
    },
    "@material/icon-toggle": {
      "version": "0.30.0",
      "resolved": "https://registry.npmjs.org/@material/icon-toggle/-/icon-toggle-0.30.0.tgz",
      "integrity": "sha512-rNohrE6dOi+5rTokxwL+/Tkh7oOYOBayD8GjRH5tY2G4v6F5WYlzxgQE9ABgcxZ8WjMdVzb7rpCX0stHlptR+g==",
      "dev": true,
      "requires": {
        "@material/animation": "0.25.0",
        "@material/base": "0.29.0",
        "@material/ripple": "0.30.0",
        "@material/theme": "0.30.0"
      }
    },
    "@material/layout-grid": {
      "version": "0.24.0",
      "resolved": "https://registry.npmjs.org/@material/layout-grid/-/layout-grid-0.24.0.tgz",
      "integrity": "sha512-38Si5CQgRkQwTSVb+lfCZkH8QEe1/HWfj2yNmK5OIFRMBFbSjQRsvf3p+aU1R7fM4TDjNKcgUWqRtBnKuUjNCQ==",
      "dev": true
    },
    "@material/line-ripple": {
      "version": "0.30.0",
      "resolved": "https://registry.npmjs.org/@material/line-ripple/-/line-ripple-0.30.0.tgz",
      "integrity": "sha512-lUVhWN8HCAnIroWD6Ds2CCET0D1wn4EXzRfhuUaLph3QBt1Ra8L5iWeAzRkgMaMiRI4bLAQTWNJgb8CyCzxCeA==",
      "dev": true,
      "requires": {
        "@material/animation": "0.25.0",
        "@material/base": "0.29.0",
        "@material/theme": "0.30.0"
      }
    },
    "@material/linear-progress": {
      "version": "0.30.0",
      "resolved": "https://registry.npmjs.org/@material/linear-progress/-/linear-progress-0.30.0.tgz",
      "integrity": "sha512-xKeC22ni5B2xEoYwY8bBJABS3Xkxa1qjKb+bWu0zf90F7e3bQ0rp2pvzHSp0GGJHTAChu1COMXOyZ1QzaBYtGg==",
      "dev": true,
      "requires": {
        "@material/animation": "0.25.0",
        "@material/base": "0.29.0",
        "@material/theme": "0.30.0"
      }
    },
    "@material/list": {
      "version": "0.30.0",
      "resolved": "https://registry.npmjs.org/@material/list/-/list-0.30.0.tgz",
      "integrity": "sha512-YpYfl+i9OonG4Xut1GELipvm0SH/3RxDIkUhnL0uidHEO9wGjdzphhwwugDMYqW/iQF2f12JRAT2DevMj2Rb1Q==",
      "dev": true,
      "requires": {
        "@material/ripple": "0.30.0",
        "@material/rtl": "0.30.0",
        "@material/theme": "0.30.0",
        "@material/typography": "0.28.0"
      }
    },
    "@material/menu": {
      "version": "0.30.0",
      "resolved": "https://registry.npmjs.org/@material/menu/-/menu-0.30.0.tgz",
      "integrity": "sha512-O3x/rRhHUFLtc8Wl7pSXYO7waxbX+AxuJ2pfIqkZSfIyEk6SvdPTDs+SSMPlQOiY0ZOGNuAnjfhkUuzZZxICjg==",
      "dev": true,
      "requires": {
        "@material/animation": "0.25.0",
        "@material/base": "0.29.0",
        "@material/elevation": "0.28.0",
        "@material/theme": "0.30.0",
        "@material/typography": "0.28.0"
      }
    },
    "@material/radio": {
      "version": "0.30.0",
      "resolved": "https://registry.npmjs.org/@material/radio/-/radio-0.30.0.tgz",
      "integrity": "sha512-lbp3wSHgKIjvBaPM18V/yfPvdvGVw5b8QhTAVzdDrsxFN6pi8QAqVXoo6ei6C13ZAx1rRkchf9In4IVF7utzMA==",
      "dev": true,
      "requires": {
        "@material/animation": "0.25.0",
        "@material/base": "0.29.0",
        "@material/ripple": "0.30.0",
        "@material/selection-control": "0.30.0",
        "@material/theme": "0.30.0"
      }
    },
    "@material/ripple": {
      "version": "0.30.0",
      "resolved": "https://registry.npmjs.org/@material/ripple/-/ripple-0.30.0.tgz",
      "integrity": "sha512-4yxTolmgrLVcWbGbk5neBl29h0i9O3gHd+8WgS/ox8m7sahd4saI7iClCOU83G+lx+Pgc6gYgDBcbLhfhhH5mA==",
      "dev": true,
      "requires": {
        "@material/base": "0.29.0",
        "@material/theme": "0.30.0"
      }
    },
    "@material/rtl": {
      "version": "0.30.0",
      "resolved": "https://registry.npmjs.org/@material/rtl/-/rtl-0.30.0.tgz",
      "integrity": "sha512-zxEiXFESaQvNNm+tHO0QVKxkGERkL6rX4ghusl7HhosueOcjaVLNYCxH5F0x6Et04TL0wh1ycBmFUIEqVhEkWw==",
      "dev": true
    },
    "@material/select": {
      "version": "0.30.0",
      "resolved": "https://registry.npmjs.org/@material/select/-/select-0.30.0.tgz",
      "integrity": "sha512-kMRz4Uv6iSO090WYlK5QvsP/5zw/Baznh5vSY3Pz0XNNfPfEy8Jb7yjGhu26fjM3YJTNQh76VyoBRJtoCgc03Q==",
      "dev": true,
      "requires": {
        "@material/animation": "0.25.0",
        "@material/base": "0.29.0",
        "@material/list": "0.30.0",
        "@material/menu": "0.30.0",
        "@material/ripple": "0.30.0",
        "@material/rtl": "0.30.0",
        "@material/theme": "0.30.0",
        "@material/typography": "0.28.0"
      }
    },
    "@material/selection-control": {
      "version": "0.30.0",
      "resolved": "https://registry.npmjs.org/@material/selection-control/-/selection-control-0.30.0.tgz",
      "integrity": "sha512-MDBYSwM2A7TXCEbGPFSowveBZyUIQP0xtRN9VJZniXbqfK1iudi2orNpbwQtI4s47K1hptDe11QM8XYCats70Q==",
      "dev": true,
      "requires": {
        "@material/ripple": "0.30.0"
      }
    },
    "@material/slider": {
      "version": "0.30.0",
      "resolved": "https://registry.npmjs.org/@material/slider/-/slider-0.30.0.tgz",
      "integrity": "sha512-/qAq4INRBF//wgNVlZoD2PgTThlffOUxQ0Q6TCIlUUO/vUrJybaPZZIxHTtSfq9Z1sxgmFV6p/2RFcc9HC7DZQ==",
      "dev": true,
      "requires": {
        "@material/animation": "0.25.0",
        "@material/base": "0.29.0",
        "@material/rtl": "0.30.0",
        "@material/theme": "0.30.0"
      }
    },
    "@material/snackbar": {
      "version": "0.30.0",
      "resolved": "https://registry.npmjs.org/@material/snackbar/-/snackbar-0.30.0.tgz",
      "integrity": "sha512-zQamWIxco7wZGYHXZ5G6TGTUKeZgS/EZ+YgRhA5hm6ZwfZrQYhn8coWRPOfsgHHlDN511sA8svU41h6HArlSFA==",
      "dev": true,
      "requires": {
        "@material/animation": "0.25.0",
        "@material/base": "0.29.0",
        "@material/rtl": "0.30.0",
        "@material/theme": "0.30.0",
        "@material/typography": "0.28.0"
      }
    },
    "@material/switch": {
      "version": "0.30.0",
      "resolved": "https://registry.npmjs.org/@material/switch/-/switch-0.30.0.tgz",
      "integrity": "sha512-oRVIUqxtyCS+BVGImBwL4b9pxt/5pBYxM9JWuLmmbi1XDslh7GQjKCw+m3jyYMg6hqryqP2ATsK8csuUdp88tQ==",
      "dev": true,
      "requires": {
        "@material/animation": "0.25.0",
        "@material/elevation": "0.28.0",
        "@material/theme": "0.30.0"
      }
    },
    "@material/tabs": {
      "version": "0.30.0",
      "resolved": "https://registry.npmjs.org/@material/tabs/-/tabs-0.30.0.tgz",
      "integrity": "sha512-R9JY6Rm+w71fRhAWlIuB/7Cg7kufxi7DrjYT4ndO4+llQvgIM/a8ZkH4a2wfanWZLM905XWYhMNQBKcHk1NrXQ==",
      "dev": true,
      "requires": {
        "@material/animation": "0.25.0",
        "@material/base": "0.29.0",
        "@material/ripple": "0.30.0",
        "@material/rtl": "0.30.0",
        "@material/theme": "0.30.0",
        "@material/typography": "0.28.0"
      }
    },
    "@material/textfield": {
      "version": "0.30.0",
      "resolved": "https://registry.npmjs.org/@material/textfield/-/textfield-0.30.0.tgz",
      "integrity": "sha512-DsmHB6y2kROU1yNa4hRyJWTXz5kUGeI3YNfh3+KCibjV/zvsBW8xeWD4T6tLnNGJIbPld8te4W2wSQxWMOmJ0Q==",
      "dev": true,
      "requires": {
        "@material/animation": "0.25.0",
        "@material/base": "0.29.0",
        "@material/line-ripple": "0.30.0",
        "@material/ripple": "0.30.0",
        "@material/rtl": "0.30.0",
        "@material/theme": "0.30.0",
        "@material/typography": "0.28.0"
      }
    },
    "@material/theme": {
      "version": "0.30.0",
      "resolved": "https://registry.npmjs.org/@material/theme/-/theme-0.30.0.tgz",
      "integrity": "sha512-jd1iC5qyq5YX4w8sZj9+lXExeK4adXbAjw/lOQuDeT6WSGJf7HovxQlHjlyWJ4p/x0xTGrlaDHnrCxeJQCq4Og==",
      "dev": true
    },
    "@material/toolbar": {
      "version": "0.30.0",
      "resolved": "https://registry.npmjs.org/@material/toolbar/-/toolbar-0.30.0.tgz",
      "integrity": "sha512-E5TONGygCuA0jT4pCDRk0aKvJA06ptbnlRCD/OtpfEhvBhbt8VyyntfHu155GYXVkK5MBU+Cn2b2+VhW2LcTuQ==",
      "dev": true,
      "requires": {
        "@material/base": "0.29.0",
        "@material/elevation": "0.28.0",
        "@material/rtl": "0.30.0",
        "@material/theme": "0.30.0",
        "@material/typography": "0.28.0"
      }
    },
    "@material/typography": {
      "version": "0.28.0",
      "resolved": "https://registry.npmjs.org/@material/typography/-/typography-0.28.0.tgz",
      "integrity": "sha512-Cz8XxO/bocChQAM87xTAN9CM31Q04FgW0N4lSQWyha2PAK/LdtfjjWFPZWNZKyQbZJBNjINbE3/PqMnWDTd4cQ==",
      "dev": true
    },
    "babel": {
      "version": "6.23.0",
      "resolved": "https://registry.npmjs.org/babel/-/babel-6.23.0.tgz",
      "integrity": "sha1-0NHn2APpdHZb7qMjLU4VPA77kPQ=",
      "dev": true
    },
    "custom-event": {
      "version": "1.0.1",
      "resolved": "https://registry.npmjs.org/custom-event/-/custom-event-1.0.1.tgz",
      "integrity": "sha1-XQKkaFCt8bSjF5RqOSj8y1v9BCU=",
      "dev": true
    },
    "focus-trap": {
      "version": "2.4.3",
      "resolved": "https://registry.npmjs.org/focus-trap/-/focus-trap-2.4.3.tgz",
      "integrity": "sha512-sT5Ip9nyAIxWq8Apt1Fdv6yTci5GotaOtO5Ro1/+F3PizttNBcCYz8j/Qze54PPFK73KUbOqh++HUCiyNPqvhA==",
      "dev": true,
      "requires": {
        "tabbable": "1.1.2"
      }
    },
    "material-components-web": {
      "version": "0.30.0",
      "resolved": "https://registry.npmjs.org/material-components-web/-/material-components-web-0.30.0.tgz",
      "integrity": "sha512-fpxZIvZcxZoPqQJy/xDI0IwUkSBEyH106FGiAplFQPsDLf6QcIz0OOnS4baQ9+OxIkf3tJlsf6GF96O1gk6ymg==",
      "dev": true,
      "requires": {
        "@material/animation": "0.25.0",
        "@material/auto-init": "0.30.0",
        "@material/base": "0.29.0",
        "@material/button": "0.30.0",
        "@material/card": "0.30.0",
        "@material/checkbox": "0.30.0",
        "@material/chips": "0.30.0",
        "@material/dialog": "0.30.0",
        "@material/drawer": "0.30.0",
        "@material/elevation": "0.28.0",
        "@material/fab": "0.30.0",
        "@material/form-field": "0.30.0",
        "@material/grid-list": "0.30.0",
        "@material/icon-toggle": "0.30.0",
        "@material/layout-grid": "0.24.0",
        "@material/line-ripple": "0.30.0",
        "@material/linear-progress": "0.30.0",
        "@material/list": "0.30.0",
        "@material/menu": "0.30.0",
        "@material/radio": "0.30.0",
        "@material/ripple": "0.30.0",
        "@material/rtl": "0.30.0",
        "@material/select": "0.30.0",
        "@material/selection-control": "0.30.0",
        "@material/slider": "0.30.0",
        "@material/snackbar": "0.30.0",
        "@material/switch": "0.30.0",
        "@material/tabs": "0.30.0",
        "@material/textfield": "0.30.0",
        "@material/theme": "0.30.0",
        "@material/toolbar": "0.30.0",
        "@material/typography": "0.28.0"
      }
    },
    "tabbable": {
      "version": "1.1.2",
      "resolved": "https://registry.npmjs.org/tabbable/-/tabbable-1.1.2.tgz",
      "integrity": "sha512-77oqsKEPrxIwgRcXUwipkj9W5ItO97L6eUT1Ar7vh+El16Zm4M6V+YU1cbipHEa6q0Yjw8O3Hoh8oRgatV5s7A==",
      "dev": true
    }
  }
}
